
Microsoft Visual Studio Solution File, Format Version 12.00
# Visual Studio 15
VisualStudioVersion = 15.0.27428.2015
MinimumVisualStudioVersion = 10.0.40219.1
Project("{FAE04EC0-301F-11D3-BF4B-00C04F79EFBC}") = "10001Prime", "10001Prime\10001Prime.csproj", "{91E07E5C-A408-486E-B8CA-9C9F5196157C}"
EndProject
Global
	GlobalSection(SolutionConfigurationPlatforms) = preSolution
		Debug|Any CPU = Debug|Any CPU
		Release|Any CPU = Release|Any CPU
	EndGlobalSection
	GlobalSection(ProjectConfigurationPlatforms) = postSolution
		{91E07E5C-A408-486E-B8CA-9C9F5196157C}.Debug|Any CPU.ActiveCfg = Debug|Any CPU
		{91E07E5C-A408-486E-B8CA-9C9F5196157C}.Debug|Any CPU.Build.0 = Debug|Any CPU
		{91E07E5C-A408-486E-B8CA-9C9F5196157C}.Release|Any CPU.ActiveCfg = Release|Any CPU
		{91E07E5C-A408-486E-B8CA-9C9F5196157C}.Release|Any CPU.Build.0 = Release|Any CPU
	EndGlobalSection
	GlobalSection(SolutionProperties) = preSolution
		HideSolutionNode = FALSE
	EndGlobalSection
	GlobalSection(ExtensibilityGlobals) = postSolution
		SolutionGuid = {AC3BE6F5-C251-407A-BE02-E70DCF9D9A35}
	EndGlobalSection
EndGlobal
