
Microsoft Visual Studio Solution File, Format Version 12.00
# Visual Studio 15
VisualStudioVersion = 15.0.27428.2015
MinimumVisualStudioVersion = 10.0.40219.1
Project("{FAE04EC0-301F-11D3-BF4B-00C04F79EFBC}") = "DivisibleTriangleNumbers", "DivisibleTriangleNumbers\DivisibleTriangleNumbers.csproj", "{AE4BE5FE-5C3D-4339-8A2B-54B46C6B4C36}"
EndProject
Global
	GlobalSection(SolutionConfigurationPlatforms) = preSolution
		Debug|Any CPU = Debug|Any CPU
		Release|Any CPU = Release|Any CPU
	EndGlobalSection
	GlobalSection(ProjectConfigurationPlatforms) = postSolution
		{AE4BE5FE-5C3D-4339-8A2B-54B46C6B4C36}.Debug|Any CPU.ActiveCfg = Debug|Any CPU
		{AE4BE5FE-5C3D-4339-8A2B-54B46C6B4C36}.Debug|Any CPU.Build.0 = Debug|Any CPU
		{AE4BE5FE-5C3D-4339-8A2B-54B46C6B4C36}.Release|Any CPU.ActiveCfg = Release|Any CPU
		{AE4BE5FE-5C3D-4339-8A2B-54B46C6B4C36}.Release|Any CPU.Build.0 = Release|Any CPU
	EndGlobalSection
	GlobalSection(SolutionProperties) = preSolution
		HideSolutionNode = FALSE
	EndGlobalSection
	GlobalSection(ExtensibilityGlobals) = postSolution
		SolutionGuid = {C3DC2336-8C48-46FF-BD4F-75B8666EBD4A}
	EndGlobalSection
EndGlobal
